
Microsoft Visual Studio Solution File, Format Version 12.00
# Visual Studio Version 16
VisualStudioVersion = 16.0.31410.357
MinimumVisualStudioVersion = 10.0.40219.1
Project("{FAE04EC0-301F-11D3-BF4B-00C04F79EFBC}") = "QR_For_Students", "QR_For_Students.csproj", "{68382070-AB92-434A-99A8-692F326C8D88}"
EndProject
Project("{FAE04EC0-301F-11D3-BF4B-00C04F79EFBC}") = "QR_BLL", "..\QR_BLL\QR_BLL.csproj", "{416F0E49-B1B6-436C-AFAB-996C8CF544F7}"
EndProject
Project("{FAE04EC0-301F-11D3-BF4B-00C04F79EFBC}") = "QR_DAL", "..\QR_DAL\QR_DAL.csproj", "{DEA695EE-6776-40BE-8D81-01F738B59903}"
EndProject
Global
	GlobalSection(SolutionConfigurationPlatforms) = preSolution
		Debug|Any CPU = Debug|Any CPU
		Release|Any CPU = Release|Any CPU
	EndGlobalSection
	GlobalSection(ProjectConfigurationPlatforms) = postSolution
		{68382070-AB92-434A-99A8-692F326C8D88}.Debug|Any CPU.ActiveCfg = Debug|Any CPU
		{68382070-AB92-434A-99A8-692F326C8D88}.Debug|Any CPU.Build.0 = Debug|Any CPU
		{68382070-AB92-434A-99A8-692F326C8D88}.Release|Any CPU.ActiveCfg = Release|Any CPU
		{68382070-AB92-434A-99A8-692F326C8D88}.Release|Any CPU.Build.0 = Release|Any CPU
		{416F0E49-B1B6-436C-AFAB-996C8CF544F7}.Debug|Any CPU.ActiveCfg = Debug|Any CPU
		{416F0E49-B1B6-436C-AFAB-996C8CF544F7}.Debug|Any CPU.Build.0 = Debug|Any CPU
		{416F0E49-B1B6-436C-AFAB-996C8CF544F7}.Release|Any CPU.ActiveCfg = Release|Any CPU
		{416F0E49-B1B6-436C-AFAB-996C8CF544F7}.Release|Any CPU.Build.0 = Release|Any CPU
		{DEA695EE-6776-40BE-8D81-01F738B59903}.Debug|Any CPU.ActiveCfg = Debug|Any CPU
		{DEA695EE-6776-40BE-8D81-01F738B59903}.Debug|Any CPU.Build.0 = Debug|Any CPU
		{DEA695EE-6776-40BE-8D81-01F738B59903}.Release|Any CPU.ActiveCfg = Release|Any CPU
		{DEA695EE-6776-40BE-8D81-01F738B59903}.Release|Any CPU.Build.0 = Release|Any CPU
	EndGlobalSection
	GlobalSection(SolutionProperties) = preSolution
		HideSolutionNode = FALSE
	EndGlobalSection
	GlobalSection(ExtensibilityGlobals) = postSolution
		SolutionGuid = {6DB5E6D5-1AAF-4723-A47C-7733CCF001E2}
	EndGlobalSection
EndGlobal
